
Microsoft Visual Studio Solution File, Format Version 12.00
# Visual Studio Version 17
VisualStudioVersion = 17.0.31903.59
MinimumVisualStudioVersion = 10.0.40219.1
Project("{FAE04EC0-301F-11D3-BF4B-00C04F79EFBC}") = "MusicMicroservice.API", "MusicMicroservice.API\MusicMicroservice.API.csproj", "{6960B708-CC40-43AA-9C9C-E3929BDB4580}"
EndProject
Project("{FAE04EC0-301F-11D3-BF4B-00C04F79EFBC}") = "MusicMicroservice.Application", "MusicMicroservice.Application\MusicMicroservice.Application.csproj", "{31FCF691-A304-4969-9971-FE7E1D3F818A}"
EndProject
Project("{FAE04EC0-301F-11D3-BF4B-00C04F79EFBC}") = "MusicMicroservice.Domain", "MusicMicroservice.Domain\MusicMicroservice.Domain.csproj", "{5A77931B-C83D-4B91-8CE0-5F684BAEFBDC}"
EndProject
Project("{FAE04EC0-301F-11D3-BF4B-00C04F79EFBC}") = "MusicMicroservice.Infrastructure", "MusicMicroservice.Infrastructure\MusicMicroservice.Infrastructure.csproj", "{38EE641A-7249-4729-AB5A-AFFF79E60881}"
EndProject
Project("{FAE04EC0-301F-11D3-BF4B-00C04F79EFBC}") = "MusicMicroservice.Contracts", "MusicMicroservice.Contracts\MusicMicroservice.Contracts.csproj", "{80E1C045-24E7-4919-9CAA-7A02001A449D}"
EndProject
Global
	GlobalSection(SolutionConfigurationPlatforms) = preSolution
		Debug|Any CPU = Debug|Any CPU
		Release|Any CPU = Release|Any CPU
	EndGlobalSection
	GlobalSection(SolutionProperties) = preSolution
		HideSolutionNode = FALSE
	EndGlobalSection
	GlobalSection(ProjectConfigurationPlatforms) = postSolution
		{6960B708-CC40-43AA-9C9C-E3929BDB4580}.Debug|Any CPU.ActiveCfg = Debug|Any CPU
		{6960B708-CC40-43AA-9C9C-E3929BDB4580}.Debug|Any CPU.Build.0 = Debug|Any CPU
		{6960B708-CC40-43AA-9C9C-E3929BDB4580}.Release|Any CPU.ActiveCfg = Release|Any CPU
		{6960B708-CC40-43AA-9C9C-E3929BDB4580}.Release|Any CPU.Build.0 = Release|Any CPU
		{31FCF691-A304-4969-9971-FE7E1D3F818A}.Debug|Any CPU.ActiveCfg = Debug|Any CPU
		{31FCF691-A304-4969-9971-FE7E1D3F818A}.Debug|Any CPU.Build.0 = Debug|Any CPU
		{31FCF691-A304-4969-9971-FE7E1D3F818A}.Release|Any CPU.ActiveCfg = Release|Any CPU
		{31FCF691-A304-4969-9971-FE7E1D3F818A}.Release|Any CPU.Build.0 = Release|Any CPU
		{5A77931B-C83D-4B91-8CE0-5F684BAEFBDC}.Debug|Any CPU.ActiveCfg = Debug|Any CPU
		{5A77931B-C83D-4B91-8CE0-5F684BAEFBDC}.Debug|Any CPU.Build.0 = Debug|Any CPU
		{5A77931B-C83D-4B91-8CE0-5F684BAEFBDC}.Release|Any CPU.ActiveCfg = Release|Any CPU
		{5A77931B-C83D-4B91-8CE0-5F684BAEFBDC}.Release|Any CPU.Build.0 = Release|Any CPU
		{38EE641A-7249-4729-AB5A-AFFF79E60881}.Debug|Any CPU.ActiveCfg = Debug|Any CPU
		{38EE641A-7249-4729-AB5A-AFFF79E60881}.Debug|Any CPU.Build.0 = Debug|Any CPU
		{38EE641A-7249-4729-AB5A-AFFF79E60881}.Release|Any CPU.ActiveCfg = Release|Any CPU
		{38EE641A-7249-4729-AB5A-AFFF79E60881}.Release|Any CPU.Build.0 = Release|Any CPU
		{80E1C045-24E7-4919-9CAA-7A02001A449D}.Debug|Any CPU.ActiveCfg = Debug|Any CPU
		{80E1C045-24E7-4919-9CAA-7A02001A449D}.Debug|Any CPU.Build.0 = Debug|Any CPU
		{80E1C045-24E7-4919-9CAA-7A02001A449D}.Release|Any CPU.ActiveCfg = Release|Any CPU
		{80E1C045-24E7-4919-9CAA-7A02001A449D}.Release|Any CPU.Build.0 = Release|Any CPU
	EndGlobalSection
EndGlobal
