
Microsoft Visual Studio Solution File, Format Version 12.00
# Visual Studio Version 17
VisualStudioVersion = 17.0.31903.59
MinimumVisualStudioVersion = 10.0.40219.1
Project("{FAE04EC0-301F-11D3-BF4B-00C04F79EFBC}") = "MusicMicroservice.Contracts", "MusicMicroservice.Contracts\MusicMicroservice.Contracts.csproj", "{F690564B-EDA2-4A95-BE68-9BAAF81FE5A6}"
EndProject
Project("{FAE04EC0-301F-11D3-BF4B-00C04F79EFBC}") = "MusicMicroservice.Application", "MusicMicroservice.Application\MusicMicroservice.Application.csproj", "{B6BD206B-2BA7-435C-B777-A48FDBC0CCB9}"
EndProject
Project("{FAE04EC0-301F-11D3-BF4B-00C04F79EFBC}") = "MusicMicroservice.Infrastructure", "MusicMicroservice.Infrastructure\MusicMicroservice.Infrastructure.csproj", "{55295FF0-2C2D-4669-8904-01089AB625C3}"
EndProject
Project("{FAE04EC0-301F-11D3-BF4B-00C04F79EFBC}") = "MusicMicroservice.Domain", "MusicMicroservice.Domain\MusicMicroservice.Domain.csproj", "{EFB13DED-0B76-4FAB-B466-6D33E6E8C252}"
EndProject
Project("{FAE04EC0-301F-11D3-BF4B-00C04F79EFBC}") = "MusicMicroservice.Music.API", "MusicMicroservice.Music.API\MusicMicroservice.Music.API.csproj", "{BE82B3C5-F4B0-4784-8005-86CCCA224206}"
EndProject
Project("{FAE04EC0-301F-11D3-BF4B-00C04F79EFBC}") = "MusicMicroservice.Executor.API", "MusicMicroservice.Executor.API\MusicMicroservice.Executor.API.csproj", "{8679FA01-D392-4A29-9322-0F80F7AF9735}"
EndProject
Global
	GlobalSection(SolutionConfigurationPlatforms) = preSolution
		Debug|Any CPU = Debug|Any CPU
		Release|Any CPU = Release|Any CPU
	EndGlobalSection
	GlobalSection(SolutionProperties) = preSolution
		HideSolutionNode = FALSE
	EndGlobalSection
	GlobalSection(ProjectConfigurationPlatforms) = postSolution
		{F690564B-EDA2-4A95-BE68-9BAAF81FE5A6}.Debug|Any CPU.ActiveCfg = Debug|Any CPU
		{F690564B-EDA2-4A95-BE68-9BAAF81FE5A6}.Debug|Any CPU.Build.0 = Debug|Any CPU
		{F690564B-EDA2-4A95-BE68-9BAAF81FE5A6}.Release|Any CPU.ActiveCfg = Release|Any CPU
		{F690564B-EDA2-4A95-BE68-9BAAF81FE5A6}.Release|Any CPU.Build.0 = Release|Any CPU
		{B6BD206B-2BA7-435C-B777-A48FDBC0CCB9}.Debug|Any CPU.ActiveCfg = Debug|Any CPU
		{B6BD206B-2BA7-435C-B777-A48FDBC0CCB9}.Debug|Any CPU.Build.0 = Debug|Any CPU
		{B6BD206B-2BA7-435C-B777-A48FDBC0CCB9}.Release|Any CPU.ActiveCfg = Release|Any CPU
		{B6BD206B-2BA7-435C-B777-A48FDBC0CCB9}.Release|Any CPU.Build.0 = Release|Any CPU
		{55295FF0-2C2D-4669-8904-01089AB625C3}.Debug|Any CPU.ActiveCfg = Debug|Any CPU
		{55295FF0-2C2D-4669-8904-01089AB625C3}.Debug|Any CPU.Build.0 = Debug|Any CPU
		{55295FF0-2C2D-4669-8904-01089AB625C3}.Release|Any CPU.ActiveCfg = Release|Any CPU
		{55295FF0-2C2D-4669-8904-01089AB625C3}.Release|Any CPU.Build.0 = Release|Any CPU
		{EFB13DED-0B76-4FAB-B466-6D33E6E8C252}.Debug|Any CPU.ActiveCfg = Debug|Any CPU
		{EFB13DED-0B76-4FAB-B466-6D33E6E8C252}.Debug|Any CPU.Build.0 = Debug|Any CPU
		{EFB13DED-0B76-4FAB-B466-6D33E6E8C252}.Release|Any CPU.ActiveCfg = Release|Any CPU
		{EFB13DED-0B76-4FAB-B466-6D33E6E8C252}.Release|Any CPU.Build.0 = Release|Any CPU
		{BE82B3C5-F4B0-4784-8005-86CCCA224206}.Debug|Any CPU.ActiveCfg = Debug|Any CPU
		{BE82B3C5-F4B0-4784-8005-86CCCA224206}.Debug|Any CPU.Build.0 = Debug|Any CPU
		{BE82B3C5-F4B0-4784-8005-86CCCA224206}.Release|Any CPU.ActiveCfg = Release|Any CPU
		{BE82B3C5-F4B0-4784-8005-86CCCA224206}.Release|Any CPU.Build.0 = Release|Any CPU
		{8679FA01-D392-4A29-9322-0F80F7AF9735}.Debug|Any CPU.ActiveCfg = Debug|Any CPU
		{8679FA01-D392-4A29-9322-0F80F7AF9735}.Debug|Any CPU.Build.0 = Debug|Any CPU
		{8679FA01-D392-4A29-9322-0F80F7AF9735}.Release|Any CPU.ActiveCfg = Release|Any CPU
		{8679FA01-D392-4A29-9322-0F80F7AF9735}.Release|Any CPU.Build.0 = Release|Any CPU
	EndGlobalSection
EndGlobal
